// !$*UTF8*$!
{
	archiveVersion = 1;
	classes = {
	};
	objectVersion = 55;
	objects = {

/* Begin PBXBuildFile section */
		44909870281B4786006541BD /* AppDelegate.swift in Sources */ = {isa = PBXBuildFile; fileRef = 4490986F281B4786006541BD /* AppDelegate.swift */; };
		44909872281B4786006541BD /* SceneDelegate.swift in Sources */ = {isa = PBXBuildFile; fileRef = 44909871281B4786006541BD /* SceneDelegate.swift */; };
		44909874281B4786006541BD /* ViewController.swift in Sources */ = {isa = PBXBuildFile; fileRef = 44909873281B4786006541BD /* ViewController.swift */; };
		44909877281B4786006541BD /* Main.storyboard in Resources */ = {isa = PBXBuildFile; fileRef = 44909875281B4786006541BD /* Main.storyboard */; };
		4490987A281B4786006541BD /* Loteria.xcdatamodeld in Sources */ = {isa = PBXBuildFile; fileRef = 44909878281B4786006541BD /* Loteria.xcdatamodeld */; };
		4490987C281B4788006541BD /* Assets.xcassets in Resources */ = {isa = PBXBuildFile; fileRef = 4490987B281B4788006541BD /* Assets.xcassets */; };
		4490987F281B4788006541BD /* LaunchScreen.storyboard in Resources */ = {isa = PBXBuildFile; fileRef = 4490987D281B4788006541BD /* LaunchScreen.storyboard */; };
		4490988A281B4788006541BD /* LoteriaTests.swift in Sources */ = {isa = PBXBuildFile; fileRef = 44909889281B4788006541BD /* LoteriaTests.swift */; };
		44909894281B4788006541BD /* LoteriaUITests.swift in Sources */ = {isa = PBXBuildFile; fileRef = 44909893281B4788006541BD /* LoteriaUITests.swift */; };
		44909896281B4788006541BD /* LoteriaUITestsLaunchTests.swift in Sources */ = {isa = PBXBuildFile; fileRef = 44909895281B4788006541BD /* LoteriaUITestsLaunchTests.swift */; };
/* End PBXBuildFile section */

/* Begin PBXContainerItemProxy section */
		44909886281B4788006541BD /* PBXContainerItemProxy */ = {
			isa = PBXContainerItemProxy;
			containerPortal = 44909864281B4786006541BD /* Project object */;
			proxyType = 1;
			remoteGlobalIDString = 4490986B281B4786006541BD;
			remoteInfo = Loteria;
		};
		44909890281B4788006541BD /* PBXContainerItemProxy */ = {
			isa = PBXContainerItemProxy;
			containerPortal = 44909864281B4786006541BD /* Project object */;
			proxyType = 1;
			remoteGlobalIDString = 4490986B281B4786006541BD;
			remoteInfo = Loteria;
		};
/* End PBXContainerItemProxy section */

/* Begin PBXFileReference section */
		4490986C281B4786006541BD /* Loteria.app */ = {isa = PBXFileReference; explicitFileType = wrapper.application; includeInIndex = 0; path = Loteria.app; sourceTree = BUILT_PRODUCTS_DIR; };
		4490986F281B4786006541BD /* AppDelegate.swift */ = {isa = PBXFileReference; lastKnownFileType = sourcecode.swift; path = AppDelegate.swift; sourceTree = "<group>"; };
		44909871281B4786006541BD /* SceneDelegate.swift */ = {isa = PBXFileReference; lastKnownFileType = sourcecode.swift; path = SceneDelegate.swift; sourceTree = "<group>"; };
		44909873281B4786006541BD /* ViewController.swift */ = {isa = PBXFileReference; lastKnownFileType = sourcecode.swift; path = ViewController.swift; sourceTree = "<group>"; };
		44909876281B4786006541BD /* Base */ = {isa = PBXFileReference; lastKnownFileType = file.storyboard; name = Base; path = Base.lproj/Main.storyboard; sourceTree = "<group>"; };
		44909879281B4786006541BD /* Loteria.xcdatamodel */ = {isa = PBXFileReference; lastKnownFileType = wrapper.xcdatamodel; path = Loteria.xcdatamodel; sourceTree = "<group>"; };
		4490987B281B4788006541BD /* Assets.xcassets */ = {isa = PBXFileReference; lastKnownFileType = folder.assetcatalog; path = Assets.xcassets; sourceTree = "<group>"; };
		4490987E281B4788006541BD /* Base */ = {isa = PBXFileReference; lastKnownFileType = file.storyboard; name = Base; path = Base.lproj/LaunchScreen.storyboard; sourceTree = "<group>"; };
		44909880281B4788006541BD /* Info.plist */ = {isa = PBXFileReference; lastKnownFileType = text.plist.xml; path = Info.plist; sourceTree = "<group>"; };
		44909885281B4788006541BD /* LoteriaTests.xctest */ = {isa = PBXFileReference; explicitFileType = wrapper.cfbundle; includeInIndex = 0; path = LoteriaTests.xctest; sourceTree = BUILT_PRODUCTS_DIR; };
		44909889281B4788006541BD /* LoteriaTests.swift */ = {isa = PBXFileReference; lastKnownFileType = sourcecode.swift; path = LoteriaTests.swift; sourceTree = "<group>"; };
		4490988F281B4788006541BD /* LoteriaUITests.xctest */ = {isa = PBXFileReference; explicitFileType = wrapper.cfbundle; includeInIndex = 0; path = LoteriaUITests.xctest; sourceTree = BUILT_PRODUCTS_DIR; };
		44909893281B4788006541BD /* LoteriaUITests.swift */ = {isa = PBXFileReference; lastKnownFileType = sourcecode.swift; path = LoteriaUITests.swift; sourceTree = "<group>"; };
		44909895281B4788006541BD /* LoteriaUITestsLaunchTests.swift */ = {isa = PBXFileReference; lastKnownFileType = sourcecode.swift; path = LoteriaUITestsLaunchTests.swift; sourceTree = "<group>"; };
/* End PBXFileReference section */

/* Begin PBXFrameworksBuildPhase section */
		44909869281B4786006541BD /* Frameworks */ = {
			isa = PBXFrameworksBuildPhase;
			buildActionMask = 2147483647;
			files = (
			);
			runOnlyForDeploymentPostprocessing = 0;
		};
		44909882281B4788006541BD /* Frameworks */ = {
			isa = PBXFrameworksBuildPhase;
			buildActionMask = 2147483647;
			files = (
			);
			runOnlyForDeploymentPostprocessing = 0;
		};
		4490988C281B4788006541BD /* Frameworks */ = {
			isa = PBXFrameworksBuildPhase;
			buildActionMask = 2147483647;
			files = (
			);
			runOnlyForDeploymentPostprocessing = 0;
		};
/* End PBXFrameworksBuildPhase section */

/* Begin PBXGroup section */
		44909863281B4786006541BD = {
			isa = PBXGroup;
			children = (
				4490986E281B4786006541BD /* Loteria */,
				44909888281B4788006541BD /* LoteriaTests */,
				44909892281B4788006541BD /* LoteriaUITests */,
				4490986D281B4786006541BD /* Products */,
			);
			sourceTree = "<group>";
		};
		4490986D281B4786006541BD /* Products */ = {
			isa = PBXGroup;
			children = (
				4490986C281B4786006541BD /* Loteria.app */,
				44909885281B4788006541BD /* LoteriaTests.xctest */,
				4490988F281B4788006541BD /* LoteriaUITests.xctest */,
			);
			name = Products;
			sourceTree = "<group>";
		};
		4490986E281B4786006541BD /* Loteria */ = {
			isa = PBXGroup;
			children = (
				4490986F281B4786006541BD /* AppDelegate.swift */,
				44909871281B4786006541BD /* SceneDelegate.swift */,
				44909873281B4786006541BD /* ViewController.swift */,
				44909875281B4786006541BD /* Main.storyboard */,
				4490987B281B4788006541BD /* Assets.xcassets */,
				4490987D281B4788006541BD /* LaunchScreen.storyboard */,
				44909880281B4788006541BD /* Info.plist */,
				44909878281B4786006541BD /* Loteria.xcdatamodeld */,
			);
			path = Loteria;
			sourceTree = "<group>";
		};
		44909888281B4788006541BD /* LoteriaTests */ = {
			isa = PBXGroup;
			children = (
				44909889281B4788006541BD /* LoteriaTests.swift */,
			);
			path = LoteriaTests;
			sourceTree = "<group>";
		};
		44909892281B4788006541BD /* LoteriaUITests */ = {
			isa = PBXGroup;
			children = (
				44909893281B4788006541BD /* LoteriaUITests.swift */,
				44909895281B4788006541BD /* LoteriaUITestsLaunchTests.swift */,
			);
			path = LoteriaUITests;
			sourceTree = "<group>";
		};
/* End PBXGroup section */

/* Begin PBXNativeTarget section */
		4490986B281B4786006541BD /* Loteria */ = {
			isa = PBXNativeTarget;
			buildConfigurationList = 44909899281B4788006541BD /* Build configuration list for PBXNativeTarget "Loteria" */;
			buildPhases = (
				44909868281B4786006541BD /* Sources */,
				44909869281B4786006541BD /* Frameworks */,
				4490986A281B4786006541BD /* Resources */,
			);
			buildRules = (
			);
			dependencies = (
			);
			name = Loteria;
			productName = Loteria;
			productReference = 4490986C281B4786006541BD /* Loteria.app */;
			productType = "com.apple.product-type.application";
		};
		44909884281B4788006541BD /* LoteriaTests */ = {
			isa = PBXNativeTarget;
			buildConfigurationList = 4490989C281B4788006541BD /* Build configuration list for PBXNativeTarget "LoteriaTests" */;
			buildPhases = (
				44909881281B4788006541BD /* Sources */,
				44909882281B4788006541BD /* Frameworks */,
				44909883281B4788006541BD /* Resources */,
			);
			buildRules = (
			);
			dependencies = (
				44909887281B4788006541BD /* PBXTargetDependency */,
			);
			name = LoteriaTests;
			productName = LoteriaTests;
			productReference = 44909885281B4788006541BD /* LoteriaTests.xctest */;
			productType = "com.apple.product-type.bundle.unit-test";
		};
		4490988E281B4788006541BD /* LoteriaUITests */ = {
			isa = PBXNativeTarget;
			buildConfigurationList = 4490989F281B4788006541BD /* Build configuration list for PBXNativeTarget "LoteriaUITests" */;
			buildPhases = (
				4490988B281B4788006541BD /* Sources */,
				4490988C281B4788006541BD /* Frameworks */,
				4490988D281B4788006541BD /* Resources */,
			);
			buildRules = (
			);
			dependencies = (
				44909891281B4788006541BD /* PBXTargetDependency */,
			);
			name = LoteriaUITests;
			productName = LoteriaUITests;
			productReference = 4490988F281B4788006541BD /* LoteriaUITests.xctest */;
			productType = "com.apple.product-type.bundle.ui-testing";
		};
/* End PBXNativeTarget section */

/* Begin PBXProject section */
		44909864281B4786006541BD /* Project object */ = {
			isa = PBXProject;
			attributes = {
				BuildIndependentTargetsInParallel = 1;
				LastSwiftUpdateCheck = 1320;
				LastUpgradeCheck = 1320;
				TargetAttributes = {
					4490986B281B4786006541BD = {
						CreatedOnToolsVersion = 13.2.1;
					};
					44909884281B4788006541BD = {
						CreatedOnToolsVersion = 13.2.1;
						TestTargetID = 4490986B281B4786006541BD;
					};
					4490988E281B4788006541BD = {
						CreatedOnToolsVersion = 13.2.1;
						TestTargetID = 4490986B281B4786006541BD;
					};
				};
			};
			buildConfigurationList = 44909867281B4786006541BD /* Build configuration list for PBXProject "Loteria" */;
			compatibilityVersion = "Xcode 13.0";
			developmentRegion = en;
			hasScannedForEncodings = 0;
			knownRegions = (
				en,
				Base,
			);
			mainGroup = 44909863281B4786006541BD;
			productRefGroup = 4490986D281B4786006541BD /* Products */;
			projectDirPath = "";
			projectRoot = "";
			targets = (
				4490986B281B4786006541BD /* Loteria */,
				44909884281B4788006541BD /* LoteriaTests */,
				4490988E281B4788006541BD /* LoteriaUITests */,
			);
		};
/* End PBXProject section */

/* Begin PBXResourcesBuildPhase section */
		4490986A281B4786006541BD /* Resources */ = {
			isa = PBXResourcesBuildPhase;
			buildActionMask = 2147483647;
			files = (
				4490987F281B4788006541BD /* LaunchScreen.storyboard in Resources */,
				4490987C281B4788006541BD /* Assets.xcassets in Resources */,
				44909877281B4786006541BD /* Main.storyboard in Resources */,
			);
			runOnlyForDeploymentPostprocessing = 0;
		};
		44909883281B4788006541BD /* Resources */ = {
			isa = PBXResourcesBuildPhase;
			buildActionMask = 2147483647;
			files = (
			);
			runOnlyForDeploymentPostprocessing = 0;
		};
		4490988D281B4788006541BD /* Resources */ = {
			isa = PBXResourcesBuildPhase;
			buildActionMask = 2147483647;
			files = (
			);
			runOnlyForDeploymentPostprocessing = 0;
		};
/* End PBXResourcesBuildPhase section */

/* Begin PBXSourcesBuildPhase section */
		44909868281B4786006541BD /* Sources */ = {
			isa = PBXSourcesBuildPhase;
			buildActionMask = 2147483647;
			files = (
				4490987A281B4786006541BD /* Loteria.xcdatamodeld in Sources */,
				44909874281B4786006541BD /* ViewController.swift in Sources */,
				44909870281B4786006541BD /* AppDelegate.swift in Sources */,
				44909872281B4786006541BD /* SceneDelegate.swift in Sources */,
			);
			runOnlyForDeploymentPostprocessing = 0;
		};
		44909881281B4788006541BD /* Sources */ = {
			isa = PBXSourcesBuildPhase;
			buildActionMask = 2147483647;
			files = (
				4490988A281B4788006541BD /* LoteriaTests.swift in Sources */,
			);
			runOnlyForDeploymentPostprocessing = 0;
		};
		4490988B281B4788006541BD /* Sources */ = {
			isa = PBXSourcesBuildPhase;
			buildActionMask = 2147483647;
			files = (
				44909894281B4788006541BD /* LoteriaUITests.swift in Sources */,
				44909896281B4788006541BD /* LoteriaUITestsLaunchTests.swift in Sources */,
			);
			runOnlyForDeploymentPostprocessing = 0;
		};
/* End PBXSourcesBuildPhase section */

/* Begin PBXTargetDependency section */
		44909887281B4788006541BD /* PBXTargetDependency */ = {
			isa = PBXTargetDependency;
			target = 4490986B281B4786006541BD /* Loteria */;
			targetProxy = 44909886281B4788006541BD /* PBXContainerItemProxy */;
		};
		44909891281B4788006541BD /* PBXTargetDependency */ = {
			isa = PBXTargetDependency;
			target = 4490986B281B4786006541BD /* Loteria */;
			targetProxy = 44909890281B4788006541BD /* PBXContainerItemProxy */;
		};
/* End PBXTargetDependency section */

/* Begin PBXVariantGroup section */
		44909875281B4786006541BD /* Main.storyboard */ = {
			isa = PBXVariantGroup;
			children = (
				44909876281B4786006541BD /* Base */,
			);
			name = Main.storyboard;
			sourceTree = "<group>";
		};
		4490987D281B4788006541BD /* LaunchScreen.storyboard */ = {
			isa = PBXVariantGroup;
			children = (
				4490987E281B4788006541BD /* Base */,
			);
			name = LaunchScreen.storyboard;
			sourceTree = "<group>";
		};
/* End PBXVariantGroup section */

/* Begin XCBuildConfiguration section */
		44909897281B4788006541BD /* Debug */ = {
			isa = XCBuildConfiguration;
			buildSettings = {
				ALWAYS_SEARCH_USER_PATHS = NO;
				CLANG_ANALYZER_NONNULL = YES;
				CLANG_ANALYZER_NUMBER_OBJECT_CONVERSION = YES_AGGRESSIVE;
				CLANG_CXX_LANGUAGE_STANDARD = "gnu++17";
				CLANG_CXX_LIBRARY = "libc++";
				CLANG_ENABLE_MODULES = YES;
				CLANG_ENABLE_OBJC_ARC = YES;
				CLANG_ENABLE_OBJC_WEAK = YES;
				CLANG_WARN_BLOCK_CAPTURE_AUTORELEASING = YES;
				CLANG_WARN_BOOL_CONVERSION = YES;
				CLANG_WARN_COMMA = YES;
				CLANG_WARN_CONSTANT_CONVERSION = YES;
				CLANG_WARN_DEPRECATED_OBJC_IMPLEMENTATIONS = YES;
				CLANG_WARN_DIRECT_OBJC_ISA_USAGE = YES_ERROR;
				CLANG_WARN_DOCUMENTATION_COMMENTS = YES;
				CLANG_WARN_EMPTY_BODY = YES;
				CLANG_WARN_ENUM_CONVERSION = YES;
				CLANG_WARN_INFINITE_RECURSION = YES;
				CLANG_WARN_INT_CONVERSION = YES;
				CLANG_WARN_NON_LITERAL_NULL_CONVERSION = YES;
				CLANG_WARN_OBJC_IMPLICIT_RETAIN_SELF = YES;
				CLANG_WARN_OBJC_LITERAL_CONVERSION = YES;
				CLANG_WARN_OBJC_ROOT_CLASS = YES_ERROR;
				CLANG_WARN_QUOTED_INCLUDE_IN_FRAMEWORK_HEADER = YES;
				CLANG_WARN_RANGE_LOOP_ANALYSIS = YES;
				CLANG_WARN_STRICT_PROTOTYPES = YES;
				CLANG_WARN_SUSPICIOUS_MOVE = YES;
				CLANG_WARN_UNGUARDED_AVAILABILITY = YES_AGGRESSIVE;
				CLANG_WARN_UNREACHABLE_CODE = YES;
				CLANG_WARN__DUPLICATE_METHOD_MATCH = YES;
				COPY_PHASE_STRIP = NO;
				DEBUG_INFORMATION_FORMAT = dwarf;
				ENABLE_STRICT_OBJC_MSGSEND = YES;
				ENABLE_TESTABILITY = YES;
				GCC_C_LANGUAGE_STANDARD = gnu11;
				GCC_DYNAMIC_NO_PIC = NO;
				GCC_NO_COMMON_BLOCKS = YES;
				GCC_OPTIMIZATION_LEVEL = 0;
				GCC_PREPROCESSOR_DEFINITIONS = (
					"DEBUG=1",
					"$(inherited)",
				);
				GCC_WARN_64_TO_32_BIT_CONVERSION = YES;
				GCC_WARN_ABOUT_RETURN_TYPE = YES_ERROR;
				GCC_WARN_UNDECLARED_SELECTOR = YES;
				GCC_WARN_UNINITIALIZED_AUTOS = YES_AGGRESSIVE;
				GCC_WARN_UNUSED_FUNCTION = YES;
				GCC_WARN_UNUSED_VARIABLE = YES;
				IPHONEOS_DEPLOYMENT_TARGET = 15.2;
				MTL_ENABLE_DEBUG_INFO = INCLUDE_SOURCE;
				MTL_FAST_MATH = YES;
				ONLY_ACTIVE_ARCH = YES;
				SDKROOT = iphoneos;
				SWIFT_ACTIVE_COMPILATION_CONDITIONS = DEBUG;
				SWIFT_OPTIMIZATION_LEVEL = "-Onone";
			};
			name = Debug;
		};
		44909898281B4788006541BD /* Release */ = {
			isa = XCBuildConfiguration;
			buildSettings = {
				ALWAYS_SEARCH_USER_PATHS = NO;
				CLANG_ANALYZER_NONNULL = YES;
				CLANG_ANALYZER_NUMBER_OBJECT_CONVERSION = YES_AGGRESSIVE;
				CLANG_CXX_LANGUAGE_STANDARD = "gnu++17";
				CLANG_CXX_LIBRARY = "libc++";
				CLANG_ENABLE_MODULES = YES;
				CLANG_ENABLE_OBJC_ARC = YES;
				CLANG_ENABLE_OBJC_WEAK = YES;
				CLANG_WARN_BLOCK_CAPTURE_AUTORELEASING = YES;
				CLANG_WARN_BOOL_CONVERSION = YES;
				CLANG_WARN_COMMA = YES;
				CLANG_WARN_CONSTANT_CONVERSION = YES;
				CLANG_WARN_DEPRECATED_OBJC_IMPLEMENTATIONS = YES;
				CLANG_WARN_DIRECT_OBJC_ISA_USAGE = YES_ERROR;
				CLANG_WARN_DOCUMENTATION_COMMENTS = YES;
				CLANG_WARN_EMPTY_BODY = YES;
				CLANG_WARN_ENUM_CONVERSION = YES;
				CLANG_WARN_INFINITE_RECURSION = YES;
				CLANG_WARN_INT_CONVERSION = YES;
				CLANG_WARN_NON_LITERAL_NULL_CONVERSION = YES;
				CLANG_WARN_OBJC_IMPLICIT_RETAIN_SELF = YES;
				CLANG_WARN_OBJC_LITERAL_CONVERSION = YES;
				CLANG_WARN_OBJC_ROOT_CLASS = YES_ERROR;
				CLANG_WARN_QUOTED_INCLUDE_IN_FRAMEWORK_HEADER = YES;
				CLANG_WARN_RANGE_LOOP_ANALYSIS = YES;
				CLANG_WARN_STRICT_PROTOTYPES = YES;
				CLANG_WARN_SUSPICIOUS_MOVE = YES;
				CLANG_WARN_UNGUARDED_AVAILABILITY = YES_AGGRESSIVE;
				CLANG_WARN_UNREACHABLE_CODE = YES;
				CLANG_WARN__DUPLICATE_METHOD_MATCH = YES;
				COPY_PHASE_STRIP = NO;
				DEBUG_INFORMATION_FORMAT = "dwarf-with-dsym";
				ENABLE_NS_ASSERTIONS = NO;
				ENABLE_STRICT_OBJC_MSGSEND = YES;
				GCC_C_LANGUAGE_STANDARD = gnu11;
				GCC_NO_COMMON_BLOCKS = YES;
				GCC_WARN_64_TO_32_BIT_CONVERSION = YES;
				GCC_WARN_ABOUT_RETURN_TYPE = YES_ERROR;
				GCC_WARN_UNDECLARED_SELECTOR = YES;
				GCC_WARN_UNINITIALIZED_AUTOS = YES_AGGRESSIVE;
				GCC_WARN_UNUSED_FUNCTION = YES;
				GCC_WARN_UNUSED_VARIABLE = YES;
				IPHONEOS_DEPLOYMENT_TARGET = 15.2;
				MTL_ENABLE_DEBUG_INFO = NO;
				MTL_FAST_MATH = YES;
				SDKROOT = iphoneos;
				SWIFT_COMPILATION_MODE = wholemodule;
				SWIFT_OPTIMIZATION_LEVEL = "-O";
				VALIDATE_PRODUCT = YES;
			};
			name = Release;
		};
		4490989A281B4788006541BD /* Debug */ = {
			isa = XCBuildConfiguration;
			buildSettings = {
				ASSETCATALOG_COMPILER_APPICON_NAME = AppIcon;
				ASSETCATALOG_COMPILER_GLOBAL_ACCENT_COLOR_NAME = AccentColor;
				CODE_SIGN_STYLE = Automatic;
				CURRENT_PROJECT_VERSION = 1;
				GENERATE_INFOPLIST_FILE = YES;
				INFOPLIST_FILE = Loteria/Info.plist;
				INFOPLIST_KEY_UIApplicationSupportsIndirectInputEvents = YES;
				INFOPLIST_KEY_UILaunchStoryboardName = LaunchScreen;
				INFOPLIST_KEY_UIMainStoryboardFile = Main;
				INFOPLIST_KEY_UISupportedInterfaceOrientations = UIInterfaceOrientationPortrait;
				INFOPLIST_KEY_UISupportedInterfaceOrientations_iPad = "UIInterfaceOrientationPortrait UIInterfaceOrientationPortraitUpsideDown UIInterfaceOrientationLandscapeLeft UIInterfaceOrientationLandscapeRight";
				INFOPLIST_KEY_UISupportedInterfaceOrientations_iPhone = "UIInterfaceOrientationPortrait UIInterfaceOrientationLandscapeLeft UIInterfaceOrientationLandscapeRight";
				LD_RUNPATH_SEARCH_PATHS = (
					"$(inherited)",
					"@executable_path/Frameworks",
				);
				MARKETING_VERSION = 1.0;
				PRODUCT_BUNDLE_IDENTIFIER = br.com.firstapp.Loteria;
				PRODUCT_NAME = "$(TARGET_NAME)";
				SWIFT_EMIT_LOC_STRINGS = YES;
				SWIFT_VERSION = 5.0;
				TARGETED_DEVICE_FAMILY = 1;
			};
			name = Debug;
		};
		4490989B281B4788006541BD /* Release */ = {
			isa = XCBuildConfiguration;
			buildSettings = {
				ASSETCATALOG_COMPILER_APPICON_NAME = AppIcon;
				ASSETCATALOG_COMPILER_GLOBAL_ACCENT_COLOR_NAME = AccentColor;
				CODE_SIGN_STYLE = Automatic;
				CURRENT_PROJECT_VERSION = 1;
				GENERATE_INFOPLIST_FILE = YES;
				INFOPLIST_FILE = Loteria/Info.plist;
				INFOPLIST_KEY_UIApplicationSupportsIndirectInputEvents = YES;
				INFOPLIST_KEY_UILaunchStoryboardName = LaunchScreen;
				INFOPLIST_KEY_UIMainStoryboardFile = Main;
				INFOPLIST_KEY_UISupportedInterfaceOrientations = UIInterfaceOrientationPortrait;
				INFOPLIST_KEY_UISupportedInterfaceOrientations_iPad = "UIInterfaceOrientationPortrait UIInterfaceOrientationPortraitUpsideDown UIInterfaceOrientationLandscapeLeft UIInterfaceOrientationLandscapeRight";
				INFOPLIST_KEY_UISupportedInterfaceOrientations_iPhone = "UIInterfaceOrientationPortrait UIInterfaceOrientationLandscapeLeft UIInterfaceOrientationLandscapeRight";
				LD_RUNPATH_SEARCH_PATHS = (
					"$(inherited)",
					"@executable_path/Frameworks",
				);
				MARKETING_VERSION = 1.0;
				PRODUCT_BUNDLE_IDENTIFIER = br.com.firstapp.Loteria;
				PRODUCT_NAME = "$(TARGET_NAME)";
				SWIFT_EMIT_LOC_STRINGS = YES;
				SWIFT_VERSION = 5.0;
				TARGETED_DEVICE_FAMILY = 1;
			};
			name = Release;
		};
		4490989D281B4788006541BD /* Debug */ = {
			isa = XCBuildConfiguration;
			buildSettings = {
				ALWAYS_EMBED_SWIFT_STANDARD_LIBRARIES = YES;
				BUNDLE_LOADER = "$(TEST_HOST)";
				CODE_SIGN_STYLE = Automatic;
				CURRENT_PROJECT_VERSION = 1;
				GENERATE_INFOPLIST_FILE = YES;
				IPHONEOS_DEPLOYMENT_TARGET = 15.2;
				MARKETING_VERSION = 1.0;
				PRODUCT_BUNDLE_IDENTIFIER = br.com.firstapp.LoteriaTests;
				PRODUCT_NAME = "$(TARGET_NAME)";
				SWIFT_EMIT_LOC_STRINGS = NO;
				SWIFT_VERSION = 5.0;
				TARGETED_DEVICE_FAMILY = "1,2";
				TEST_HOST = "$(BUILT_PRODUCTS_DIR)/Loteria.app/Loteria";
			};
			name = Debug;
		};
		4490989E281B4788006541BD /* Release */ = {
			isa = XCBuildConfiguration;
			buildSettings = {
				ALWAYS_EMBED_SWIFT_STANDARD_LIBRARIES = YES;
				BUNDLE_LOADER = "$(TEST_HOST)";
				CODE_SIGN_STYLE = Automatic;
				CURRENT_PROJECT_VERSION = 1;
				GENERATE_INFOPLIST_FILE = YES;
				IPHONEOS_DEPLOYMENT_TARGET = 15.2;
				MARKETING_VERSION = 1.0;
				PRODUCT_BUNDLE_IDENTIFIER = br.com.firstapp.LoteriaTests;
				PRODUCT_NAME = "$(TARGET_NAME)";
				SWIFT_EMIT_LOC_STRINGS = NO;
				SWIFT_VERSION = 5.0;
				TARGETED_DEVICE_FAMILY = "1,2";
				TEST_HOST = "$(BUILT_PRODUCTS_DIR)/Loteria.app/Loteria";
			};
			name = Release;
		};
		449098A0281B4788006541BD /* Debug */ = {
			isa = XCBuildConfiguration;
			buildSettings = {
				ALWAYS_EMBED_SWIFT_STANDARD_LIBRARIES = YES;
				CODE_SIGN_STYLE = Automatic;
				CURRENT_PROJECT_VERSION = 1;
				GENERATE_INFOPLIST_FILE = YES;
				MARKETING_VERSION = 1.0;
				PRODUCT_BUNDLE_IDENTIFIER = br.com.firstapp.LoteriaUITests;
				PRODUCT_NAME = "$(TARGET_NAME)";
				SWIFT_EMIT_LOC_STRINGS = NO;
				SWIFT_VERSION = 5.0;
				TARGETED_DEVICE_FAMILY = "1,2";
				TEST_TARGET_NAME = Loteria;
			};
			name = Debug;
		};
		449098A1281B4788006541BD /* Release */ = {
			isa = XCBuildConfiguration;
			buildSettings = {
				ALWAYS_EMBED_SWIFT_STANDARD_LIBRARIES = YES;
				CODE_SIGN_STYLE = Automatic;
				CURRENT_PROJECT_VERSION = 1;
				GENERATE_INFOPLIST_FILE = YES;
				MARKETING_VERSION = 1.0;
				PRODUCT_BUNDLE_IDENTIFIER = br.com.firstapp.LoteriaUITests;
				PRODUCT_NAME = "$(TARGET_NAME)";
				SWIFT_EMIT_LOC_STRINGS = NO;
				SWIFT_VERSION = 5.0;
				TARGETED_DEVICE_FAMILY = "1,2";
				TEST_TARGET_NAME = Loteria;
			};
			name = Release;
		};
/* End XCBuildConfiguration section */

/* Begin XCConfigurationList section */
		44909867281B4786006541BD /* Build configuration list for PBXProject "Loteria" */ = {
			isa = XCConfigurationList;
			buildConfigurations = (
				44909897281B4788006541BD /* Debug */,
				44909898281B4788006541BD /* Release */,
			);
			defaultConfigurationIsVisible = 0;
			defaultConfigurationName = Release;
		};
		44909899281B4788006541BD /* Build configuration list for PBXNativeTarget "Loteria" */ = {
			isa = XCConfigurationList;
			buildConfigurations = (
				4490989A281B4788006541BD /* Debug */,
				4490989B281B4788006541BD /* Release */,
			);
			defaultConfigurationIsVisible = 0;
			defaultConfigurationName = Release;
		};
		4490989C281B4788006541BD /* Build configuration list for PBXNativeTarget "LoteriaTests" */ = {
			isa = XCConfigurationList;
			buildConfigurations = (
				4490989D281B4788006541BD /* Debug */,
				4490989E281B4788006541BD /* Release */,
			);
			defaultConfigurationIsVisible = 0;
			defaultConfigurationName = Release;
		};
		4490989F281B4788006541BD /* Build configuration list for PBXNativeTarget "LoteriaUITests" */ = {
			isa = XCConfigurationList;
			buildConfigurations = (
				449098A0281B4788006541BD /* Debug */,
				449098A1281B4788006541BD /* Release */,
			);
			defaultConfigurationIsVisible = 0;
			defaultConfigurationName = Release;
		};
/* End XCConfigurationList section */

/* Begin XCVersionGroup section */
		44909878281B4786006541BD /* Loteria.xcdatamodeld */ = {
			isa = XCVersionGroup;
			children = (
				44909879281B4786006541BD /* Loteria.xcdatamodel */,
			);
			currentVersion = 44909879281B4786006541BD /* Loteria.xcdatamodel */;
			path = Loteria.xcdatamodeld;
			sourceTree = "<group>";
			versionGroupType = wrapper.xcdatamodel;
		};
/* End XCVersionGroup section */
	};
	rootObject = 44909864281B4786006541BD /* Project object */;
}
